PODS:
  - SwiftFormat/CLI (0.52.11)
  - SwiftLint (0.54.0)
  - SwiftQuality (2.0.2):
    - SwiftFormat/CLI (= 0.52.11)
    - SwiftLint (= 0.54.0)
  - YSRatingControl (1.0.0)

DEPENDENCIES:
  - SwiftQuality (from `https://github.com/yonat/SwiftQuality`)
  - YSRatingControl (from `..`)

SPEC REPOS:
  trunk:
    - SwiftFormat
    - SwiftLint

EXTERNAL SOURCES:
  SwiftQuality:
    :git: https://github.com/yonat/SwiftQuality
  YSRatingControl:
    :path: ".."

CHECKOUT OPTIONS:
  SwiftQuality:
    :commit: 330387800c520c05bc30a4eca825ba36f7a6e8df
    :git: https://github.com/yonat/SwiftQuality

SPEC CHECKSUMS:
  SwiftFormat: 2ca3d0b75754193f0f3ba532291f25ae08dd1e42
  SwiftLint: c1de071d9d08c8aba837545f6254315bc900e211
  SwiftQuality: 3a5a16498170de064cb1e3e462551f8b1c3350a3
  YSRatingControl: cce3990d8c023c0c8f9dba491cf8d1f805e49de2

PODFILE CHECKSUM: 1a95043e160cc7ecd40afa2cbfef0ace771274df

COCOAPODS: 1.16.2
